{
  "lockfile_version": "1",
  "packages": {
    "curl": {
      "resolved": "github:NixOS/nixpkgs/647e5c14cbd5067f44ac86b74f014962df460840?narHash=sha256-JVZl8NaVRYb0%2B381nl7LvPE%2BA774%2FdRpif01FKLrYFQ%3D#curl",
      "source": "nixpkg",
      "systems": {
        "aarch64-darwin": {
          "outputs": [
            {
              "name": "bin",
              "path": "/nix/store/daqkbhfb98im7w73lk61irbydq1lpq2n-curl-8.14.1-bin",
              "default": true
            },
            {
              "name": "man",
              "path": "/nix/store/fkqg97zhj3hi5x0dl9llyg2x333sg8b9-curl-8.14.1-man",
              "default": true
            }
          ]
        }
      }
    },
    "github:NixOS/nixpkgs/nixpkgs-unstable": {
      "last_modified": "2025-11-05T16:44:39Z",
      "resolved": "github:NixOS/nixpkgs/ffcdcf99d65c61956d882df249a9be53e5902ea5?lastModified=1762361079&narHash=sha256-lz718rr1BDpZBYk7%2BG8cE6wee3PiBUpn8aomG%2FvLLiY%3D"
    },
    "github:eid-privacy/flakes#barretenberg-versions.v1_2_1": {
      "last_modified": "2025-11-12T11:50:21Z",
      "resolved": "github:eid-privacy/flakes/4572f8d08ae86df0a356250b42da32567776ad78?lastModified=1762948221&narHash=sha256-UuA9YDbv0TZ2ncDjBFquEVk5ZsmkIwp1lw3mAcAxCEA%3D#barretenberg-versions.v1_2_1"
    },
    "github:eid-privacy/flakes#noir-versions.v1_0_0-beta_13": {
      "last_modified": "2025-11-12T11:50:21Z",
      "resolved": "github:eid-privacy/flakes/4572f8d08ae86df0a356250b42da32567776ad78?lastModified=1762948221&narHash=sha256-UuA9YDbv0TZ2ncDjBFquEVk5ZsmkIwp1lw3mAcAxCEA%3D#noir-versions.v1_0_0-beta_13"
    },
    "nodejs@18": {
      "last_modified": "2025-04-17T05:47:26Z",
      "plugin_version": "0.0.2",
      "resolved": "github:NixOS/nixpkgs/ebe4301cbd8f81c4f8d3244b3632338bbeb6d49c#nodejs_18",
      "source": "devbox-search",
      "version": "18.20.8",
      "systems": {
        "aarch64-darwin": {
          "outputs": [
            {
              "name": "out",
              "path": "/nix/store/73cc4bwqdn6pm3jj33yj5r2kwd0l755g-nodejs-18.20.8",
              "default": true
            },
            {
              "name": "dev",
              "path": "/nix/store/h4zmsb8h1lan5nfhsqllcjv8lh535m72-nodejs-18.20.8-dev"
            },
            {
              "name": "libv8",
              "path": "/nix/store/pplb0ibvjw0wjb8690f2ldj9kx2ifhdx-nodejs-18.20.8-libv8"
            }
          ],
          "store_path": "/nix/store/73cc4bwqdn6pm3jj33yj5r2kwd0l755g-nodejs-18.20.8"
        },
        "aarch64-linux": {
          "outputs": [
            {
              "name": "out",
              "path": "/nix/store/fkdigjnf5xaa0xg0y95xzylmglyvkk0a-nodejs-18.20.8",
              "default": true
            },
            {
              "name": "dev",
              "path": "/nix/store/22qpcyra5nbjhz5kfgb5ssnc0vvccvsy-nodejs-18.20.8-dev"
            },
            {
              "name": "libv8",
              "path": "/nix/store/l2w31asaqkqxi83q5vafpgq3xrqgq455-nodejs-18.20.8-libv8"
            }
          ],
          "store_path": "/nix/store/fkdigjnf5xaa0xg0y95xzylmglyvkk0a-nodejs-18.20.8"
        },
        "x86_64-darwin": {
          "outputs": [
            {
              "name": "out",
              "path": "/nix/store/ggvlfwnxvd0vynm8g572vnhia42nk347-nodejs-18.20.8",
              "default": true
            },
            {
              "name": "libv8",
              "path": "/nix/store/x86dr8x9xn0x2bxdk2231csaaxjh4lb3-nodejs-18.20.8-libv8"
            },
            {
              "name": "dev",
              "path": "/nix/store/0b7c4rbb38m6g9q0vcfczx3kbm3z7fns-nodejs-18.20.8-dev"
            }
          ],
          "store_path": "/nix/store/ggvlfwnxvd0vynm8g572vnhia42nk347-nodejs-18.20.8"
        },
        "x86_64-linux": {
          "outputs": [
            {
              "name": "out",
              "path": "/nix/store/0110yhlgniwfpy4iarjgnfqcvn6zhs37-nodejs-18.20.8",
              "default": true
            },
            {
              "name": "libv8",
              "path": "/nix/store/djyml6gzfhz511amx5d2mqy50p9hd2gz-nodejs-18.20.8-libv8"
            },
            {
              "name": "dev",
              "path": "/nix/store/9h65bm05d96j55ifsbb8w14r6f05c7kr-nodejs-18.20.8-dev"
            }
          ],
          "store_path": "/nix/store/0110yhlgniwfpy4iarjgnfqcvn6zhs37-nodejs-18.20.8"
        }
      }
    },
    "python311Packages.pip": {
      "resolved": "github:NixOS/nixpkgs/647e5c14cbd5067f44ac86b74f014962df460840?narHash=sha256-JVZl8NaVRYb0%2B381nl7LvPE%2BA774%2FdRpif01FKLrYFQ%3D#python311Packages.pip",
      "source": "nixpkg",
      "systems": {
        "aarch64-darwin": {
          "outputs": [
            {
              "path": "/nix/store/sqw4qsj3dxbyjqmajy92b25fy16cswj5-python3.11-pip-25.0.1",
              "default": true
            },
            {
              "name": "man",
              "path": "/nix/store/gn9lb7a3fzf1yq2wv33cpvdbc811fzmq-python3.11-pip-25.0.1-man",
              "default": true
            }
          ]
        }
      }
    },
    "python@3.11": {
      "last_modified": "2025-10-22T20:59:19Z",
      "plugin_version": "0.0.4",
      "resolved": "github:NixOS/nixpkgs/01b6809f7f9d1183a2b3e081f0a1e6f8f415cb09#python311",
      "source": "devbox-search",
      "version": "3.11.14",
      "systems": {
        "aarch64-darwin": {
          "outputs": [
            {
              "name": "out",
              "path": "/nix/store/0710xrjndhjvpssqif83gyaz9qkxlwi3-python3-3.11.14",
              "default": true
            }
          ],
          "store_path": "/nix/store/0710xrjndhjvpssqif83gyaz9qkxlwi3-python3-3.11.14"
        },
        "aarch64-linux": {
          "outputs": [
            {
              "name": "out",
              "path": "/nix/store/82404paf3vf9nmj8gdfwjnz26g32cfq9-python3-3.11.14",
              "default": true
            },
            {
              "name": "debug",
              "path": "/nix/store/yrbnpgrbj34kp80rhhmf9rqy0prncvgc-python3-3.11.14-debug"
            }
          ],
          "store_path": "/nix/store/82404paf3vf9nmj8gdfwjnz26g32cfq9-python3-3.11.14"
        },
        "x86_64-darwin": {
          "outputs": [
            {
              "name": "out",
              "path": "/nix/store/ccb93zakkfa6rm36pnd7jwzpddfq2f9h-python3-3.11.14",
              "default": true
            }
          ],
          "store_path": "/nix/store/ccb93zakkfa6rm36pnd7jwzpddfq2f9h-python3-3.11.14"
        },
        "x86_64-linux": {
          "outputs": [
            {
              "name": "out",
              "path": "/nix/store/sm8xkb2i0b6dbsll92iyfavy0b0cw0p6-python3-3.11.14",
              "default": true
            },
            {
              "name": "debug",
              "path": "/nix/store/pqcz3x6ny4psxhw3p07b1l2pmaa2yz2v-python3-3.11.14-debug"
            }
          ],
          "store_path": "/nix/store/sm8xkb2i0b6dbsll92iyfavy0b0cw0p6-python3-3.11.14"
        }
      }
    }
  }
}
